
Microsoft Visual Studio Solution File, Format Version 12.00
# Visual Studio 15
VisualStudioVersion = 15.0.27130.2027
MinimumVisualStudioVersion = 10.0.40219.1
Project("{FAE04EC0-301F-11D3-BF4B-00C04F79EFBC}") = "EncontrosComCristo", "EncontrosComCristo\EncontrosComCristo.csproj", "{61BCE648-B58F-41CC-8FC4-50ED53190274}"
EndProject
Global
	GlobalSection(SolutionConfigurationPlatforms) = preSolution
		Debug|Any CPU = Debug|Any CPU
		Release|Any CPU = Release|Any CPU
	EndGlobalSection
	GlobalSection(ProjectConfigurationPlatforms) = postSolution
		{61BCE648-B58F-41CC-8FC4-50ED53190274}.Debug|Any CPU.ActiveCfg = Debug|Any CPU
		{61BCE648-B58F-41CC-8FC4-50ED53190274}.Debug|Any CPU.Build.0 = Debug|Any CPU
		{61BCE648-B58F-41CC-8FC4-50ED53190274}.Release|Any CPU.ActiveCfg = Release|Any CPU
		{61BCE648-B58F-41CC-8FC4-50ED53190274}.Release|Any CPU.Build.0 = Release|Any CPU
	EndGlobalSection
	GlobalSection(SolutionProperties) = preSolution
		HideSolutionNode = FALSE
	EndGlobalSection
	GlobalSection(ExtensibilityGlobals) = postSolution
		SolutionGuid = {89E52A89-EB1D-47E2-9F4F-252EA0711784}
	EndGlobalSection
EndGlobal
